
Microsoft Visual Studio Solution File, Format Version 12.00
# Visual Studio Version 17
VisualStudioVersion = 17.3.32929.385
MinimumVisualStudioVersion = 10.0.40219.1
Project("{FAE04EC0-301F-11D3-BF4B-00C04F79EFBC}") = "OOP2Test2Program", "OOP2Test2Program\OOP2Test2Program.csproj", "{90E860E0-3B8E-485D-BA8D-D1C6B9E68535}"
EndProject
Global
	GlobalSection(SolutionConfigurationPlatforms) = preSolution
		Debug|Any CPU = Debug|Any CPU
		Release|Any CPU = Release|Any CPU
	EndGlobalSection
	GlobalSection(ProjectConfigurationPlatforms) = postSolution
		{90E860E0-3B8E-485D-BA8D-D1C6B9E68535}.Debug|Any CPU.ActiveCfg = Debug|Any CPU
		{90E860E0-3B8E-485D-BA8D-D1C6B9E68535}.Debug|Any CPU.Build.0 = Debug|Any CPU
		{90E860E0-3B8E-485D-BA8D-D1C6B9E68535}.Release|Any CPU.ActiveCfg = Release|Any CPU
		{90E860E0-3B8E-485D-BA8D-D1C6B9E68535}.Release|Any CPU.Build.0 = Release|Any CPU
	EndGlobalSection
	GlobalSection(SolutionProperties) = preSolution
		HideSolutionNode = FALSE
	EndGlobalSection
	GlobalSection(ExtensibilityGlobals) = postSolution
		SolutionGuid = {4A7F58AE-60A1-42BA-83C8-86EF50DC85A3}
	EndGlobalSection
EndGlobal
